
Microsoft Visual Studio Solution File, Format Version 12.00
# Visual Studio Version 16
VisualStudioVersion = 16.0.31005.135
MinimumVisualStudioVersion = 10.0.40219.1
Project("{FAE04EC0-301F-11D3-BF4B-00C04F79EFBC}") = "day6-multi-arrays", "day6-multi-arrays.csproj", "{9351669D-4AC8-4D72-BFF5-20F09C0C9CD8}"
EndProject
Global
	GlobalSection(SolutionConfigurationPlatforms) = preSolution
		Debug|Any CPU = Debug|Any CPU
		Release|Any CPU = Release|Any CPU
	EndGlobalSection
	GlobalSection(ProjectConfigurationPlatforms) = postSolution
		{9351669D-4AC8-4D72-BFF5-20F09C0C9CD8}.Debug|Any CPU.ActiveCfg = Debug|Any CPU
		{9351669D-4AC8-4D72-BFF5-20F09C0C9CD8}.Debug|Any CPU.Build.0 = Debug|Any CPU
		{9351669D-4AC8-4D72-BFF5-20F09C0C9CD8}.Release|Any CPU.ActiveCfg = Release|Any CPU
		{9351669D-4AC8-4D72-BFF5-20F09C0C9CD8}.Release|Any CPU.Build.0 = Release|Any CPU
	EndGlobalSection
	GlobalSection(SolutionProperties) = preSolution
		HideSolutionNode = FALSE
	EndGlobalSection
	GlobalSection(ExtensibilityGlobals) = postSolution
		SolutionGuid = {14AD103A-4F6A-41D9-BFE0-542D36391348}
	EndGlobalSection
EndGlobal
